
Microsoft Visual Studio Solution File, Format Version 12.00
# Visual Studio Version 17
VisualStudioVersion = 17.11.35222.181
MinimumVisualStudioVersion = 10.0.40219.1
Project("{FAE04EC0-301F-11D3-BF4B-00C04F79EFBC}") = "task10.3", "task10.3\task10.3.csproj", "{45853282-AAB0-4BC6-BEDE-663BC0ED4489}"
EndProject
Global
	GlobalSection(SolutionConfigurationPlatforms) = preSolution
		Debug|Any CPU = Debug|Any CPU
		Release|Any CPU = Release|Any CPU
	EndGlobalSection
	GlobalSection(ProjectConfigurationPlatforms) = postSolution
		{45853282-AAB0-4BC6-BEDE-663BC0ED4489}.Debug|Any CPU.ActiveCfg = Debug|Any CPU
		{45853282-AAB0-4BC6-BEDE-663BC0ED4489}.Debug|Any CPU.Build.0 = Debug|Any CPU
		{45853282-AAB0-4BC6-BEDE-663BC0ED4489}.Release|Any CPU.ActiveCfg = Release|Any CPU
		{45853282-AAB0-4BC6-BEDE-663BC0ED4489}.Release|Any CPU.Build.0 = Release|Any CPU
	EndGlobalSection
	GlobalSection(SolutionProperties) = preSolution
		HideSolutionNode = FALSE
	EndGlobalSection
	GlobalSection(ExtensibilityGlobals) = postSolution
		SolutionGuid = {6D5562D6-7703-45F3-AF4F-3F4DBC144E6C}
	EndGlobalSection
EndGlobal
